// !$*UTF8*$!
{
	archiveVersion = 1;
	classes = {
	};
	objectVersion = 55;
	objects = {

/* Begin PBXBuildFile section */
		910F060128FAFED100AA22C4 /* AppDelegate.swift in Sources */ = {isa = PBXBuildFile; fileRef = 910F060028FAFED100AA22C4 /* AppDelegate.swift */; };
		910F060328FAFED100AA22C4 /* SceneDelegate.swift in Sources */ = {isa = PBXBuildFile; fileRef = 910F060228FAFED100AA22C4 /* SceneDelegate.swift */; };
		910F060528FAFED100AA22C4 /* ViewController.swift in Sources */ = {isa = PBXBuildFile; fileRef = 910F060428FAFED100AA22C4 /* ViewController.swift */; };
		910F060828FAFED100AA22C4 /* Main.storyboard in Resources */ = {isa = PBXBuildFile; fileRef = 910F060628FAFED100AA22C4 /* Main.storyboard */; };
		910F060B28FAFED100AA22C4 /* Coding_Assignment.xcdatamodeld in Sources */ = {isa = PBXBuildFile; fileRef = 910F060928FAFED100AA22C4 /* Coding_Assignment.xcdatamodeld */; };
		910F060D28FAFED300AA22C4 /* Assets.xcassets in Resources */ = {isa = PBXBuildFile; fileRef = 910F060C28FAFED300AA22C4 /* Assets.xcassets */; };
		910F061028FAFED300AA22C4 /* LaunchScreen.storyboard in Resources */ = {isa = PBXBuildFile; fileRef = 910F060E28FAFED300AA22C4 /* LaunchScreen.storyboard */; };
		910F061B28FAFED300AA22C4 /* Coding_AssignmentTests.swift in Sources */ = {isa = PBXBuildFile; fileRef = 910F061A28FAFED300AA22C4 /* Coding_AssignmentTests.swift */; };
		910F062528FAFED300AA22C4 /* Coding_AssignmentUITests.swift in Sources */ = {isa = PBXBuildFile; fileRef = 910F062428FAFED300AA22C4 /* Coding_AssignmentUITests.swift */; };
		910F062728FAFED300AA22C4 /* Coding_AssignmentUITestsLaunchTests.swift in Sources */ = {isa = PBXBuildFile; fileRef = 910F062628FAFED300AA22C4 /* Coding_AssignmentUITestsLaunchTests.swift */; };
/* End PBXBuildFile section */

/* Begin PBXContainerItemProxy section */
		910F061728FAFED300AA22C4 /* PBXContainerItemProxy */ = {
			isa = PBXContainerItemProxy;
			containerPortal = 910F05F528FAFED100AA22C4 /* Project object */;
			proxyType = 1;
			remoteGlobalIDString = 910F05FC28FAFED100AA22C4;
			remoteInfo = "Coding Assignment";
		};
		910F062128FAFED300AA22C4 /* PBXContainerItemProxy */ = {
			isa = PBXContainerItemProxy;
			containerPortal = 910F05F528FAFED100AA22C4 /* Project object */;
			proxyType = 1;
			remoteGlobalIDString = 910F05FC28FAFED100AA22C4;
			remoteInfo = "Coding Assignment";
		};
/* End PBXContainerItemProxy section */

/* Begin PBXFileReference section */
		910F05FD28FAFED100AA22C4 /* Coding Assignment.app */ = {isa = PBXFileReference; explicitFileType = wrapper.application; includeInIndex = 0; path = "Coding Assignment.app"; sourceTree = BUILT_PRODUCTS_DIR; };
		910F060028FAFED100AA22C4 /* AppDelegate.swift */ = {isa = PBXFileReference; lastKnownFileType = sourcecode.swift; path = AppDelegate.swift; sourceTree = "<group>"; };
		910F060228FAFED100AA22C4 /* SceneDelegate.swift */ = {isa = PBXFileReference; lastKnownFileType = sourcecode.swift; path = SceneDelegate.swift; sourceTree = "<group>"; };
		910F060428FAFED100AA22C4 /* ViewController.swift */ = {isa = PBXFileReference; lastKnownFileType = sourcecode.swift; path = ViewController.swift; sourceTree = "<group>"; };
		910F060728FAFED100AA22C4 /* Base */ = {isa = PBXFileReference; lastKnownFileType = file.storyboard; name = Base; path = Base.lproj/Main.storyboard; sourceTree = "<group>"; };
		910F060A28FAFED100AA22C4 /* Coding_Assignment.xcdatamodel */ = {isa = PBXFileReference; lastKnownFileType = wrapper.xcdatamodel; path = Coding_Assignment.xcdatamodel; sourceTree = "<group>"; };
		910F060C28FAFED300AA22C4 /* Assets.xcassets */ = {isa = PBXFileReference; lastKnownFileType = folder.assetcatalog; path = Assets.xcassets; sourceTree = "<group>"; };
		910F060F28FAFED300AA22C4 /* Base */ = {isa = PBXFileReference; lastKnownFileType = file.storyboard; name = Base; path = Base.lproj/LaunchScreen.storyboard; sourceTree = "<group>"; };
		910F061128FAFED300AA22C4 /* Info.plist */ = {isa = PBXFileReference; lastKnownFileType = text.plist.xml; path = Info.plist; sourceTree = "<group>"; };
		910F061628FAFED300AA22C4 /* Coding AssignmentTests.xctest */ = {isa = PBXFileReference; explicitFileType = wrapper.cfbundle; includeInIndex = 0; path = "Coding AssignmentTests.xctest"; sourceTree = BUILT_PRODUCTS_DIR; };
		910F061A28FAFED300AA22C4 /* Coding_AssignmentTests.swift */ = {isa = PBXFileReference; lastKnownFileType = sourcecode.swift; path = Coding_AssignmentTests.swift; sourceTree = "<group>"; };
		910F062028FAFED300AA22C4 /* Coding AssignmentUITests.xctest */ = {isa = PBXFileReference; explicitFileType = wrapper.cfbundle; includeInIndex = 0; path = "Coding AssignmentUITests.xctest"; sourceTree = BUILT_PRODUCTS_DIR; };
		910F062428FAFED300AA22C4 /* Coding_AssignmentUITests.swift */ = {isa = PBXFileReference; lastKnownFileType = sourcecode.swift; path = Coding_AssignmentUITests.swift; sourceTree = "<group>"; };
		910F062628FAFED300AA22C4 /* Coding_AssignmentUITestsLaunchTests.swift */ = {isa = PBXFileReference; lastKnownFileType = sourcecode.swift; path = Coding_AssignmentUITestsLaunchTests.swift; sourceTree = "<group>"; };
/* End PBXFileReference section */

/* Begin PBXFrameworksBuildPhase section */
		910F05FA28FAFED100AA22C4 /* Frameworks */ = {
			isa = PBXFrameworksBuildPhase;
			buildActionMask = 2147483647;
			files = (
			);
			runOnlyForDeploymentPostprocessing = 0;
		};
		910F061328FAFED300AA22C4 /* Frameworks */ = {
			isa = PBXFrameworksBuildPhase;
			buildActionMask = 2147483647;
			files = (
			);
			runOnlyForDeploymentPostprocessing = 0;
		};
		910F061D28FAFED300AA22C4 /* Frameworks */ = {
			isa = PBXFrameworksBuildPhase;
			buildActionMask = 2147483647;
			files = (
			);
			runOnlyForDeploymentPostprocessing = 0;
		};
/* End PBXFrameworksBuildPhase section */

/* Begin PBXGroup section */
		910F05F428FAFED100AA22C4 = {
			isa = PBXGroup;
			children = (
				910F05FF28FAFED100AA22C4 /* Coding Assignment */,
				910F061928FAFED300AA22C4 /* Coding AssignmentTests */,
				910F062328FAFED300AA22C4 /* Coding AssignmentUITests */,
				910F05FE28FAFED100AA22C4 /* Products */,
			);
			sourceTree = "<group>";
		};
		910F05FE28FAFED100AA22C4 /* Products */ = {
			isa = PBXGroup;
			children = (
				910F05FD28FAFED100AA22C4 /* Coding Assignment.app */,
				910F061628FAFED300AA22C4 /* Coding AssignmentTests.xctest */,
				910F062028FAFED300AA22C4 /* Coding AssignmentUITests.xctest */,
			);
			name = Products;
			sourceTree = "<group>";
		};
		910F05FF28FAFED100AA22C4 /* Coding Assignment */ = {
			isa = PBXGroup;
			children = (
				910F060028FAFED100AA22C4 /* AppDelegate.swift */,
				910F060228FAFED100AA22C4 /* SceneDelegate.swift */,
				910F060428FAFED100AA22C4 /* ViewController.swift */,
				910F060628FAFED100AA22C4 /* Main.storyboard */,
				910F060C28FAFED300AA22C4 /* Assets.xcassets */,
				910F060E28FAFED300AA22C4 /* LaunchScreen.storyboard */,
				910F061128FAFED300AA22C4 /* Info.plist */,
				910F060928FAFED100AA22C4 /* Coding_Assignment.xcdatamodeld */,
			);
			path = "Coding Assignment";
			sourceTree = "<group>";
		};
		910F061928FAFED300AA22C4 /* Coding AssignmentTests */ = {
			isa = PBXGroup;
			children = (
				910F061A28FAFED300AA22C4 /* Coding_AssignmentTests.swift */,
			);
			path = "Coding AssignmentTests";
			sourceTree = "<group>";
		};
		910F062328FAFED300AA22C4 /* Coding AssignmentUITests */ = {
			isa = PBXGroup;
			children = (
				910F062428FAFED300AA22C4 /* Coding_AssignmentUITests.swift */,
				910F062628FAFED300AA22C4 /* Coding_AssignmentUITestsLaunchTests.swift */,
			);
			path = "Coding AssignmentUITests";
			sourceTree = "<group>";
		};
/* End PBXGroup section */

/* Begin PBXNativeTarget section */
		910F05FC28FAFED100AA22C4 /* Coding Assignment */ = {
			isa = PBXNativeTarget;
			buildConfigurationList = 910F062A28FAFED300AA22C4 /* Build configuration list for PBXNativeTarget "Coding Assignment" */;
			buildPhases = (
				910F05F928FAFED100AA22C4 /* Sources */,
				910F05FA28FAFED100AA22C4 /* Frameworks */,
				910F05FB28FAFED100AA22C4 /* Resources */,
			);
			buildRules = (
			);
			dependencies = (
			);
			name = "Coding Assignment";
			productName = "Coding Assignment";
			productReference = 910F05FD28FAFED100AA22C4 /* Coding Assignment.app */;
			productType = "com.apple.product-type.application";
		};
		910F061528FAFED300AA22C4 /* Coding AssignmentTests */ = {
			isa = PBXNativeTarget;
			buildConfigurationList = 910F062D28FAFED300AA22C4 /* Build configuration list for PBXNativeTarget "Coding AssignmentTests" */;
			buildPhases = (
				910F061228FAFED300AA22C4 /* Sources */,
				910F061328FAFED300AA22C4 /* Frameworks */,
				910F061428FAFED300AA22C4 /* Resources */,
			);
			buildRules = (
			);
			dependencies = (
				910F061828FAFED300AA22C4 /* PBXTargetDependency */,
			);
			name = "Coding AssignmentTests";
			productName = "Coding AssignmentTests";
			productReference = 910F061628FAFED300AA22C4 /* Coding AssignmentTests.xctest */;
			productType = "com.apple.product-type.bundle.unit-test";
		};
		910F061F28FAFED300AA22C4 /* Coding AssignmentUITests */ = {
			isa = PBXNativeTarget;
			buildConfigurationList = 910F063028FAFED300AA22C4 /* Build configuration list for PBXNativeTarget "Coding AssignmentUITests" */;
			buildPhases = (
				910F061C28FAFED300AA22C4 /* Sources */,
				910F061D28FAFED300AA22C4 /* Frameworks */,
				910F061E28FAFED300AA22C4 /* Resources */,
			);
			buildRules = (
			);
			dependencies = (
				910F062228FAFED300AA22C4 /* PBXTargetDependency */,
			);
			name = "Coding AssignmentUITests";
			productName = "Coding AssignmentUITests";
			productReference = 910F062028FAFED300AA22C4 /* Coding AssignmentUITests.xctest */;
			productType = "com.apple.product-type.bundle.ui-testing";
		};
/* End PBXNativeTarget section */

/* Begin PBXProject section */
		910F05F528FAFED100AA22C4 /* Project object */ = {
			isa = PBXProject;
			attributes = {
				BuildIndependentTargetsInParallel = 1;
				LastSwiftUpdateCheck = 1340;
				LastUpgradeCheck = 1340;
				TargetAttributes = {
					910F05FC28FAFED100AA22C4 = {
						CreatedOnToolsVersion = 13.4.1;
					};
					910F061528FAFED300AA22C4 = {
						CreatedOnToolsVersion = 13.4.1;
						TestTargetID = 910F05FC28FAFED100AA22C4;
					};
					910F061F28FAFED300AA22C4 = {
						CreatedOnToolsVersion = 13.4.1;
						TestTargetID = 910F05FC28FAFED100AA22C4;
					};
				};
			};
			buildConfigurationList = 910F05F828FAFED100AA22C4 /* Build configuration list for PBXProject "Coding Assignment" */;
			compatibilityVersion = "Xcode 13.0";
			developmentRegion = en;
			hasScannedForEncodings = 0;
			knownRegions = (
				en,
				Base,
			);
			mainGroup = 910F05F428FAFED100AA22C4;
			productRefGroup = 910F05FE28FAFED100AA22C4 /* Products */;
			projectDirPath = "";
			projectRoot = "";
			targets = (
				910F05FC28FAFED100AA22C4 /* Coding Assignment */,
				910F061528FAFED300AA22C4 /* Coding AssignmentTests */,
				910F061F28FAFED300AA22C4 /* Coding AssignmentUITests */,
			);
		};
/* End PBXProject section */

/* Begin PBXResourcesBuildPhase section */
		910F05FB28FAFED100AA22C4 /* Resources */ = {
			isa = PBXResourcesBuildPhase;
			buildActionMask = 2147483647;
			files = (
				910F061028FAFED300AA22C4 /* LaunchScreen.storyboard in Resources */,
				910F060D28FAFED300AA22C4 /* Assets.xcassets in Resources */,
				910F060828FAFED100AA22C4 /* Main.storyboard in Resources */,
			);
			runOnlyForDeploymentPostprocessing = 0;
		};
		910F061428FAFED300AA22C4 /* Resources */ = {
			isa = PBXResourcesBuildPhase;
			buildActionMask = 2147483647;
			files = (
			);
			runOnlyForDeploymentPostprocessing = 0;
		};
		910F061E28FAFED300AA22C4 /* Resources */ = {
			isa = PBXResourcesBuildPhase;
			buildActionMask = 2147483647;
			files = (
			);
			runOnlyForDeploymentPostprocessing = 0;
		};
/* End PBXResourcesBuildPhase section */

/* Begin PBXSourcesBuildPhase section */
		910F05F928FAFED100AA22C4 /* Sources */ = {
			isa = PBXSourcesBuildPhase;
			buildActionMask = 2147483647;
			files = (
				910F060528FAFED100AA22C4 /* ViewController.swift in Sources */,
				910F060128FAFED100AA22C4 /* AppDelegate.swift in Sources */,
				910F060B28FAFED100AA22C4 /* Coding_Assignment.xcdatamodeld in Sources */,
				910F060328FAFED100AA22C4 /* SceneDelegate.swift in Sources */,
			);
			runOnlyForDeploymentPostprocessing = 0;
		};
		910F061228FAFED300AA22C4 /* Sources */ = {
			isa = PBXSourcesBuildPhase;
			buildActionMask = 2147483647;
			files = (
				910F061B28FAFED300AA22C4 /* Coding_AssignmentTests.swift in Sources */,
			);
			runOnlyForDeploymentPostprocessing = 0;
		};
		910F061C28FAFED300AA22C4 /* Sources */ = {
			isa = PBXSourcesBuildPhase;
			buildActionMask = 2147483647;
			files = (
				910F062528FAFED300AA22C4 /* Coding_AssignmentUITests.swift in Sources */,
				910F062728FAFED300AA22C4 /* Coding_AssignmentUITestsLaunchTests.swift in Sources */,
			);
			runOnlyForDeploymentPostprocessing = 0;
		};
/* End PBXSourcesBuildPhase section */

/* Begin PBXTargetDependency section */
		910F061828FAFED300AA22C4 /* PBXTargetDependency */ = {
			isa = PBXTargetDependency;
			target = 910F05FC28FAFED100AA22C4 /* Coding Assignment */;
			targetProxy = 910F061728FAFED300AA22C4 /* PBXContainerItemProxy */;
		};
		910F062228FAFED300AA22C4 /* PBXTargetDependency */ = {
			isa = PBXTargetDependency;
			target = 910F05FC28FAFED100AA22C4 /* Coding Assignment */;
			targetProxy = 910F062128FAFED300AA22C4 /* PBXContainerItemProxy */;
		};
/* End PBXTargetDependency section */

/* Begin PBXVariantGroup section */
		910F060628FAFED100AA22C4 /* Main.storyboard */ = {
			isa = PBXVariantGroup;
			children = (
				910F060728FAFED100AA22C4 /* Base */,
			);
			name = Main.storyboard;
			sourceTree = "<group>";
		};
		910F060E28FAFED300AA22C4 /* LaunchScreen.storyboard */ = {
			isa = PBXVariantGroup;
			children = (
				910F060F28FAFED300AA22C4 /* Base */,
			);
			name = LaunchScreen.storyboard;
			sourceTree = "<group>";
		};
/* End PBXVariantGroup section */

/* Begin XCBuildConfiguration section */
		910F062828FAFED300AA22C4 /* Debug */ = {
			isa = XCBuildConfiguration;
			buildSettings = {
				ALWAYS_SEARCH_USER_PATHS = NO;
				CLANG_ANALYZER_NONNULL = YES;
				CLANG_ANALYZER_NUMBER_OBJECT_CONVERSION = YES_AGGRESSIVE;
				CLANG_CXX_LANGUAGE_STANDARD = "gnu++17";
				CLANG_ENABLE_MODULES = YES;
				CLANG_ENABLE_OBJC_ARC = YES;
				CLANG_ENABLE_OBJC_WEAK = YES;
				CLANG_WARN_BLOCK_CAPTURE_AUTORELEASING = YES;
				CLANG_WARN_BOOL_CONVERSION = YES;
				CLANG_WARN_COMMA = YES;
				CLANG_WARN_CONSTANT_CONVERSION = YES;
				CLANG_WARN_DEPRECATED_OBJC_IMPLEMENTATIONS = YES;
				CLANG_WARN_DIRECT_OBJC_ISA_USAGE = YES_ERROR;
				CLANG_WARN_DOCUMENTATION_COMMENTS = YES;
				CLANG_WARN_EMPTY_BODY = YES;
				CLANG_WARN_ENUM_CONVERSION = YES;
				CLANG_WARN_INFINITE_RECURSION = YES;
				CLANG_WARN_INT_CONVERSION = YES;
				CLANG_WARN_NON_LITERAL_NULL_CONVERSION = YES;
				CLANG_WARN_OBJC_IMPLICIT_RETAIN_SELF = YES;
				CLANG_WARN_OBJC_LITERAL_CONVERSION = YES;
				CLANG_WARN_OBJC_ROOT_CLASS = YES_ERROR;
				CLANG_WARN_QUOTED_INCLUDE_IN_FRAMEWORK_HEADER = YES;
				CLANG_WARN_RANGE_LOOP_ANALYSIS = YES;
				CLANG_WARN_STRICT_PROTOTYPES = YES;
				CLANG_WARN_SUSPICIOUS_MOVE = YES;
				CLANG_WARN_UNGUARDED_AVAILABILITY = YES_AGGRESSIVE;
				CLANG_WARN_UNREACHABLE_CODE = YES;
				CLANG_WARN__DUPLICATE_METHOD_MATCH = YES;
				COPY_PHASE_STRIP = NO;
				DEBUG_INFORMATION_FORMAT = dwarf;
				ENABLE_STRICT_OBJC_MSGSEND = YES;
				ENABLE_TESTABILITY = YES;
				GCC_C_LANGUAGE_STANDARD = gnu11;
				GCC_DYNAMIC_NO_PIC = NO;
				GCC_NO_COMMON_BLOCKS = YES;
				GCC_OPTIMIZATION_LEVEL = 0;
				GCC_PREPROCESSOR_DEFINITIONS = (
					"DEBUG=1",
					"$(inherited)",
				);
				GCC_WARN_64_TO_32_BIT_CONVERSION = YES;
				GCC_WARN_ABOUT_RETURN_TYPE = YES_ERROR;
				GCC_WARN_UNDECLARED_SELECTOR = YES;
				GCC_WARN_UNINITIALIZED_AUTOS = YES_AGGRESSIVE;
				GCC_WARN_UNUSED_FUNCTION = YES;
				GCC_WARN_UNUSED_VARIABLE = YES;
				IPHONEOS_DEPLOYMENT_TARGET = 15.5;
				MTL_ENABLE_DEBUG_INFO = INCLUDE_SOURCE;
				MTL_FAST_MATH = YES;
				ONLY_ACTIVE_ARCH = YES;
				SDKROOT = iphoneos;
				SWIFT_ACTIVE_COMPILATION_CONDITIONS = DEBUG;
				SWIFT_OPTIMIZATION_LEVEL = "-Onone";
			};
			name = Debug;
		};
		910F062928FAFED300AA22C4 /* Release */ = {
			isa = XCBuildConfiguration;
			buildSettings = {
				ALWAYS_SEARCH_USER_PATHS = NO;
				CLANG_ANALYZER_NONNULL = YES;
				CLANG_ANALYZER_NUMBER_OBJECT_CONVERSION = YES_AGGRESSIVE;
				CLANG_CXX_LANGUAGE_STANDARD = "gnu++17";
				CLANG_ENABLE_MODULES = YES;
				CLANG_ENABLE_OBJC_ARC = YES;
				CLANG_ENABLE_OBJC_WEAK = YES;
				CLANG_WARN_BLOCK_CAPTURE_AUTORELEASING = YES;
				CLANG_WARN_BOOL_CONVERSION = YES;
				CLANG_WARN_COMMA = YES;
				CLANG_WARN_CONSTANT_CONVERSION = YES;
				CLANG_WARN_DEPRECATED_OBJC_IMPLEMENTATIONS = YES;
				CLANG_WARN_DIRECT_OBJC_ISA_USAGE = YES_ERROR;
				CLANG_WARN_DOCUMENTATION_COMMENTS = YES;
				CLANG_WARN_EMPTY_BODY = YES;
				CLANG_WARN_ENUM_CONVERSION = YES;
				CLANG_WARN_INFINITE_RECURSION = YES;
				CLANG_WARN_INT_CONVERSION = YES;
				CLANG_WARN_NON_LITERAL_NULL_CONVERSION = YES;
				CLANG_WARN_OBJC_IMPLICIT_RETAIN_SELF = YES;
				CLANG_WARN_OBJC_LITERAL_CONVERSION = YES;
				CLANG_WARN_OBJC_ROOT_CLASS = YES_ERROR;
				CLANG_WARN_QUOTED_INCLUDE_IN_FRAMEWORK_HEADER = YES;
				CLANG_WARN_RANGE_LOOP_ANALYSIS = YES;
				CLANG_WARN_STRICT_PROTOTYPES = YES;
				CLANG_WARN_SUSPICIOUS_MOVE = YES;
				CLANG_WARN_UNGUARDED_AVAILABILITY = YES_AGGRESSIVE;
				CLANG_WARN_UNREACHABLE_CODE = YES;
				CLANG_WARN__DUPLICATE_METHOD_MATCH = YES;
				COPY_PHASE_STRIP = NO;
				DEBUG_INFORMATION_FORMAT = "dwarf-with-dsym";
				ENABLE_NS_ASSERTIONS = NO;
				ENABLE_STRICT_OBJC_MSGSEND = YES;
				GCC_C_LANGUAGE_STANDARD = gnu11;
				GCC_NO_COMMON_BLOCKS = YES;
				GCC_WARN_64_TO_32_BIT_CONVERSION = YES;
				GCC_WARN_ABOUT_RETURN_TYPE = YES_ERROR;
				GCC_WARN_UNDECLARED_SELECTOR = YES;
				GCC_WARN_UNINITIALIZED_AUTOS = YES_AGGRESSIVE;
				GCC_WARN_UNUSED_FUNCTION = YES;
				GCC_WARN_UNUSED_VARIABLE = YES;
				IPHONEOS_DEPLOYMENT_TARGET = 15.5;
				MTL_ENABLE_DEBUG_INFO = NO;
				MTL_FAST_MATH = YES;
				SDKROOT = iphoneos;
				SWIFT_COMPILATION_MODE = wholemodule;
				SWIFT_OPTIMIZATION_LEVEL = "-O";
				VALIDATE_PRODUCT = YES;
			};
			name = Release;
		};
		910F062B28FAFED300AA22C4 /* Debug */ = {
			isa = XCBuildConfiguration;
			buildSettings = {
				ASSETCATALOG_COMPILER_APPICON_NAME = AppIcon;
				ASSETCATALOG_COMPILER_GLOBAL_ACCENT_COLOR_NAME = AccentColor;
				CODE_SIGN_STYLE = Automatic;
				CURRENT_PROJECT_VERSION = 1;
				GENERATE_INFOPLIST_FILE = YES;
				INFOPLIST_FILE = "Coding Assignment/Info.plist";
				INFOPLIST_KEY_UIApplicationSupportsIndirectInputEvents = YES;
				INFOPLIST_KEY_UILaunchStoryboardName = LaunchScreen;
				INFOPLIST_KEY_UIMainStoryboardFile = Main;
				INFOPLIST_KEY_UISupportedInterfaceOrientations_iPad = "UIInterfaceOrientationPortrait UIInterfaceOrientationPortraitUpsideDown UIInterfaceOrientationLandscapeLeft UIInterfaceOrientationLandscapeRight";
				INFOPLIST_KEY_UISupportedInterfaceOrientations_iPhone = "UIInterfaceOrientationPortrait UIInterfaceOrientationLandscapeLeft UIInterfaceOrientationLandscapeRight";
				LD_RUNPATH_SEARCH_PATHS = (
					"$(inherited)",
					"@executable_path/Frameworks",
				);
				MARKETING_VERSION = 1.0;
				PRODUCT_BUNDLE_IDENTIFIER = "rahul.s.roy.Coding-Assignment";
				PRODUCT_NAME = "$(TARGET_NAME)";
				SWIFT_EMIT_LOC_STRINGS = YES;
				SWIFT_VERSION = 5.0;
				TARGETED_DEVICE_FAMILY = "1,2";
			};
			name = Debug;
		};
		910F062C28FAFED300AA22C4 /* Release */ = {
			isa = XCBuildConfiguration;
			buildSettings = {
				ASSETCATALOG_COMPILER_APPICON_NAME = AppIcon;
				ASSETCATALOG_COMPILER_GLOBAL_ACCENT_COLOR_NAME = AccentColor;
				CODE_SIGN_STYLE = Automatic;
				CURRENT_PROJECT_VERSION = 1;
				GENERATE_INFOPLIST_FILE = YES;
				INFOPLIST_FILE = "Coding Assignment/Info.plist";
				INFOPLIST_KEY_UIApplicationSupportsIndirectInputEvents = YES;
				INFOPLIST_KEY_UILaunchStoryboardName = LaunchScreen;
				INFOPLIST_KEY_UIMainStoryboardFile = Main;
				INFOPLIST_KEY_UISupportedInterfaceOrientations_iPad = "UIInterfaceOrientationPortrait UIInterfaceOrientationPortraitUpsideDown UIInterfaceOrientationLandscapeLeft UIInterfaceOrientationLandscapeRight";
				INFOPLIST_KEY_UISupportedInterfaceOrientations_iPhone = "UIInterfaceOrientationPortrait UIInterfaceOrientationLandscapeLeft UIInterfaceOrientationLandscapeRight";
				LD_RUNPATH_SEARCH_PATHS = (
					"$(inherited)",
					"@executable_path/Frameworks",
				);
				MARKETING_VERSION = 1.0;
				PRODUCT_BUNDLE_IDENTIFIER = "rahul.s.roy.Coding-Assignment";
				PRODUCT_NAME = "$(TARGET_NAME)";
				SWIFT_EMIT_LOC_STRINGS = YES;
				SWIFT_VERSION = 5.0;
				TARGETED_DEVICE_FAMILY = "1,2";
			};
			name = Release;
		};
		910F062E28FAFED300AA22C4 /* Debug */ = {
			isa = XCBuildConfiguration;
			buildSettings = {
				ALWAYS_EMBED_SWIFT_STANDARD_LIBRARIES = YES;
				BUNDLE_LOADER = "$(TEST_HOST)";
				CODE_SIGN_STYLE = Automatic;
				CURRENT_PROJECT_VERSION = 1;
				GENERATE_INFOPLIST_FILE = YES;
				IPHONEOS_DEPLOYMENT_TARGET = 15.5;
				MARKETING_VERSION = 1.0;
				PRODUCT_BUNDLE_IDENTIFIER = "rahul.s.roy.Coding-AssignmentTests";
				PRODUCT_NAME = "$(TARGET_NAME)";
				SWIFT_EMIT_LOC_STRINGS = NO;
				SWIFT_VERSION = 5.0;
				TARGETED_DEVICE_FAMILY = "1,2";
				TEST_HOST = "$(BUILT_PRODUCTS_DIR)/Coding Assignment.app/Coding Assignment";
			};
			name = Debug;
		};
		910F062F28FAFED300AA22C4 /* Release */ = {
			isa = XCBuildConfiguration;
			buildSettings = {
				ALWAYS_EMBED_SWIFT_STANDARD_LIBRARIES = YES;
				BUNDLE_LOADER = "$(TEST_HOST)";
				CODE_SIGN_STYLE = Automatic;
				CURRENT_PROJECT_VERSION = 1;
				GENERATE_INFOPLIST_FILE = YES;
				IPHONEOS_DEPLOYMENT_TARGET = 15.5;
				MARKETING_VERSION = 1.0;
				PRODUCT_BUNDLE_IDENTIFIER = "rahul.s.roy.Coding-AssignmentTests";
				PRODUCT_NAME = "$(TARGET_NAME)";
				SWIFT_EMIT_LOC_STRINGS = NO;
				SWIFT_VERSION = 5.0;
				TARGETED_DEVICE_FAMILY = "1,2";
				TEST_HOST = "$(BUILT_PRODUCTS_DIR)/Coding Assignment.app/Coding Assignment";
			};
			name = Release;
		};
		910F063128FAFED300AA22C4 /* Debug */ = {
			isa = XCBuildConfiguration;
			buildSettings = {
				ALWAYS_EMBED_SWIFT_STANDARD_LIBRARIES = YES;
				CODE_SIGN_STYLE = Automatic;
				CURRENT_PROJECT_VERSION = 1;
				GENERATE_INFOPLIST_FILE = YES;
				MARKETING_VERSION = 1.0;
				PRODUCT_BUNDLE_IDENTIFIER = "rahul.s.roy.Coding-AssignmentUITests";
				PRODUCT_NAME = "$(TARGET_NAME)";
				SWIFT_EMIT_LOC_STRINGS = NO;
				SWIFT_VERSION = 5.0;
				TARGETED_DEVICE_FAMILY = "1,2";
				TEST_TARGET_NAME = "Coding Assignment";
			};
			name = Debug;
		};
		910F063228FAFED300AA22C4 /* Release */ = {
			isa = XCBuildConfiguration;
			buildSettings = {
				ALWAYS_EMBED_SWIFT_STANDARD_LIBRARIES = YES;
				CODE_SIGN_STYLE = Automatic;
				CURRENT_PROJECT_VERSION = 1;
				GENERATE_INFOPLIST_FILE = YES;
				MARKETING_VERSION = 1.0;
				PRODUCT_BUNDLE_IDENTIFIER = "rahul.s.roy.Coding-AssignmentUITests";
				PRODUCT_NAME = "$(TARGET_NAME)";
				SWIFT_EMIT_LOC_STRINGS = NO;
				SWIFT_VERSION = 5.0;
				TARGETED_DEVICE_FAMILY = "1,2";
				TEST_TARGET_NAME = "Coding Assignment";
			};
			name = Release;
		};
/* End XCBuildConfiguration section */

/* Begin XCConfigurationList section */
		910F05F828FAFED100AA22C4 /* Build configuration list for PBXProject "Coding Assignment" */ = {
			isa = XCConfigurationList;
			buildConfigurations = (
				910F062828FAFED300AA22C4 /* Debug */,
				910F062928FAFED300AA22C4 /* Release */,
			);
			defaultConfigurationIsVisible = 0;
			defaultConfigurationName = Release;
		};
		910F062A28FAFED300AA22C4 /* Build configuration list for PBXNativeTarget "Coding Assignment" */ = {
			isa = XCConfigurationList;
			buildConfigurations = (
				910F062B28FAFED300AA22C4 /* Debug */,
				910F062C28FAFED300AA22C4 /* Release */,
			);
			defaultConfigurationIsVisible = 0;
			defaultConfigurationName = Release;
		};
		910F062D28FAFED300AA22C4 /* Build configuration list for PBXNativeTarget "Coding AssignmentTests" */ = {
			isa = XCConfigurationList;
			buildConfigurations = (
				910F062E28FAFED300AA22C4 /* Debug */,
				910F062F28FAFED300AA22C4 /* Release */,
			);
			defaultConfigurationIsVisible = 0;
			defaultConfigurationName = Release;
		};
		910F063028FAFED300AA22C4 /* Build configuration list for PBXNativeTarget "Coding AssignmentUITests" */ = {
			isa = XCConfigurationList;
			buildConfigurations = (
				910F063128FAFED300AA22C4 /* Debug */,
				910F063228FAFED300AA22C4 /* Release */,
			);
			defaultConfigurationIsVisible = 0;
			defaultConfigurationName = Release;
		};
/* End XCConfigurationList section */

/* Begin XCVersionGroup section */
		910F060928FAFED100AA22C4 /* Coding_Assignment.xcdatamodeld */ = {
			isa = XCVersionGroup;
			children = (
				910F060A28FAFED100AA22C4 /* Coding_Assignment.xcdatamodel */,
			);
			currentVersion = 910F060A28FAFED100AA22C4 /* Coding_Assignment.xcdatamodel */;
			path = Coding_Assignment.xcdatamodeld;
			sourceTree = "<group>";
			versionGroupType = wrapper.xcdatamodel;
		};
/* End XCVersionGroup section */
	};
	rootObject = 910F05F528FAFED100AA22C4 /* Project object */;
}
